
Microsoft Visual Studio Solution File, Format Version 12.00
# Visual Studio Version 16
VisualStudioVersion = 16.0.31129.286
MinimumVisualStudioVersion = 10.0.40219.1
Project("{FAE04EC0-301F-11D3-BF4B-00C04F79EFBC}") = "WpfTest", "WpfTest\WpfTest.csproj", "{B83ECA3E-D52A-4CD3-86BA-CBAB2B9C727D}"
EndProject
Global
	GlobalSection(SolutionConfigurationPlatforms) = preSolution
		Debug|Any CPU = Debug|Any CPU
		Release|Any CPU = Release|Any CPU
	EndGlobalSection
	GlobalSection(ProjectConfigurationPlatforms) = postSolution
		{B83ECA3E-D52A-4CD3-86BA-CBAB2B9C727D}.Debug|Any CPU.ActiveCfg = Debug|Any CPU
		{B83ECA3E-D52A-4CD3-86BA-CBAB2B9C727D}.Debug|Any CPU.Build.0 = Debug|Any CPU
		{B83ECA3E-D52A-4CD3-86BA-CBAB2B9C727D}.Release|Any CPU.ActiveCfg = Release|Any CPU
		{B83ECA3E-D52A-4CD3-86BA-CBAB2B9C727D}.Release|Any CPU.Build.0 = Release|Any CPU
	EndGlobalSection
	GlobalSection(SolutionProperties) = preSolution
		HideSolutionNode = FALSE
	EndGlobalSection
	GlobalSection(ExtensibilityGlobals) = postSolution
		SolutionGuid = {0EA4191B-F7E1-4107-89D5-7515556C0313}
	EndGlobalSection
EndGlobal
